
Microsoft Visual Studio Solution File, Format Version 12.00
Project("{FAE04EC0-301F-11D3-BF4B-00C04F79EFBC}") = "AStar", "AStar\AStar.csproj", "{3D5C6834-674F-4762-AF0F-617999D7B259}"
EndProject
Global
	GlobalSection(SolutionConfigurationPlatforms) = preSolution
		Debug|Any CPU = Debug|Any CPU
		Release|Any CPU = Release|Any CPU
	EndGlobalSection
	GlobalSection(ProjectConfigurationPlatforms) = postSolution
		{3D5C6834-674F-4762-AF0F-617999D7B259}.Debug|Any CPU.ActiveCfg = Debug|Any CPU
		{3D5C6834-674F-4762-AF0F-617999D7B259}.Debug|Any CPU.Build.0 = Debug|Any CPU
		{3D5C6834-674F-4762-AF0F-617999D7B259}.Release|Any CPU.ActiveCfg = Release|Any CPU
		{3D5C6834-674F-4762-AF0F-617999D7B259}.Release|Any CPU.Build.0 = Release|Any CPU
		{3D5C6834-674F-4762-AF0F-617999D7B259}.Release|Any CPU.Deploy.0 = Release|Any CPU
	EndGlobalSection
EndGlobal
